
Microsoft Visual Studio Solution File, Format Version 12.00
# Visual Studio Version 17
VisualStudioVersion = 17.4.33213.308
MinimumVisualStudioVersion = 10.0.40219.1
Project("{9A19103F-16F7-4668-BE54-9A1E7A4F7556}") = "SuggestionAppUI", "SuggestionAppUI\SuggestionAppUI.csproj", "{A8A4A6B9-093A-4837-8B82-001F252AA28C}"
EndProject
Project("{9A19103F-16F7-4668-BE54-9A1E7A4F7556}") = "SuggestionAppLibrary", "SuggestionAppLibrary\SuggestionAppLibrary.csproj", "{6637AE5D-150D-442D-B0BC-FA29405C0255}"
EndProject
Global
	GlobalSection(SolutionConfigurationPlatforms) = preSolution
		Debug|Any CPU = Debug|Any CPU
		Release|Any CPU = Release|Any CPU
	EndGlobalSection
	GlobalSection(ProjectConfigurationPlatforms) = postSolution
		{A8A4A6B9-093A-4837-8B82-001F252AA28C}.Debug|Any CPU.ActiveCfg = Debug|Any CPU
		{A8A4A6B9-093A-4837-8B82-001F252AA28C}.Debug|Any CPU.Build.0 = Debug|Any CPU
		{A8A4A6B9-093A-4837-8B82-001F252AA28C}.Release|Any CPU.ActiveCfg = Release|Any CPU
		{A8A4A6B9-093A-4837-8B82-001F252AA28C}.Release|Any CPU.Build.0 = Release|Any CPU
		{6637AE5D-150D-442D-B0BC-FA29405C0255}.Debug|Any CPU.ActiveCfg = Debug|Any CPU
		{6637AE5D-150D-442D-B0BC-FA29405C0255}.Debug|Any CPU.Build.0 = Debug|Any CPU
		{6637AE5D-150D-442D-B0BC-FA29405C0255}.Release|Any CPU.ActiveCfg = Release|Any CPU
		{6637AE5D-150D-442D-B0BC-FA29405C0255}.Release|Any CPU.Build.0 = Release|Any CPU
	EndGlobalSection
	GlobalSection(SolutionProperties) = preSolution
		HideSolutionNode = FALSE
	EndGlobalSection
	GlobalSection(ExtensibilityGlobals) = postSolution
		SolutionGuid = {2900E2BE-54A0-43A5-9A50-237E4ECD78CB}
	EndGlobalSection
EndGlobal
